
Microsoft Visual Studio Solution File, Format Version 12.00
# Visual Studio 2012
Project("{FAE04EC0-301F-11D3-BF4B-00C04F79EFBC}") = "LuaWindowsPhone7", "LuaWindowsPhone\LuaWindowsPhone7.csproj", "{4B445D34-5797-462B-A144-D7F157A8F439}"
	ProjectSection(ProjectDependencies) = postProject
		{8506E8F6-0370-4E58-A714-CB69D8205CF0} = {8506E8F6-0370-4E58-A714-CB69D8205CF0}
	EndProjectSection
EndProject
Project("{FAE04EC0-301F-11D3-BF4B-00C04F79EFBC}") = "LuaScriptingEngine7", "LuaScriptingEngine\LuaScriptingEngine7.csproj", "{8DBAC7CA-2708-4006-8D98-539513F30E4D}"
EndProject
Project("{FAE04EC0-301F-11D3-BF4B-00C04F79EFBC}") = "PostBuildEvent", "PostBuildEvent\PostBuildEvent.csproj", "{8506E8F6-0370-4E58-A714-CB69D8205CF0}"
EndProject
Project("{FAE04EC0-301F-11D3-BF4B-00C04F79EFBC}") = "LuaWindows", "LuaWindows\LuaWindows.csproj", "{C16F89C2-7ABB-4259-9338-4CC667FF751B}"
EndProject
Project("{FAE04EC0-301F-11D3-BF4B-00C04F79EFBC}") = "LuaWindowsPhone8", "LuaWindowsPhone\LuaWindowsPhone8.csproj", "{EC6B3C85-182D-4ED1-BB8A-DB14A9C1701B}"
	ProjectSection(ProjectDependencies) = postProject
		{8506E8F6-0370-4E58-A714-CB69D8205CF0} = {8506E8F6-0370-4E58-A714-CB69D8205CF0}
	EndProjectSection
EndProject
Project("{FAE04EC0-301F-11D3-BF4B-00C04F79EFBC}") = "LuaScriptingEngine8", "LuaScriptingEngine\LuaScriptingEngine8.csproj", "{C27DDB48-BBE4-46FB-B0B1-57CF78531F2A}"
EndProject
Project("{FAE04EC0-301F-11D3-BF4B-00C04F79EFBC}") = "LuaScriptingEngineWindows", "LuaScriptingEngine\LuaScriptingEngineWindows.csproj", "{5135A5D5-F64A-4D93-927C-2012BF0CB605}"
EndProject
Project("{FAE04EC0-301F-11D3-BF4B-00C04F79EFBC}") = "LuaScriptingEngineWindowsStore", "LuaScriptingEngine\LuaScriptingEngineWindowsStore.csproj", "{256BF903-2953-4FAF-BB0A-0843E5A205A4}"
EndProject
Project("{FAE04EC0-301F-11D3-BF4B-00C04F79EFBC}") = "LuaWindowsStoreTest", "LuaWindowsStoreTest\LuaWindowsStoreTest.csproj", "{DB88554E-19C6-4C6D-8CE6-1FBB69E7FE58}"
EndProject
Global
	GlobalSection(SolutionConfigurationPlatforms) = preSolution
		Debug Windows|Any CPU = Debug Windows|Any CPU
		Debug Windows|ARM = Debug Windows|ARM
		Debug Windows|Mixed Platforms = Debug Windows|Mixed Platforms
		Debug Windows|x64 = Debug Windows|x64
		Debug Windows|x86 = Debug Windows|x86
		Debug WP8|Any CPU = Debug WP8|Any CPU
		Debug WP8|ARM = Debug WP8|ARM
		Debug WP8|Mixed Platforms = Debug WP8|Mixed Platforms
		Debug WP8|x64 = Debug WP8|x64
		Debug WP8|x86 = Debug WP8|x86
		Debug|Any CPU = Debug|Any CPU
		Debug|ARM = Debug|ARM
		Debug|Mixed Platforms = Debug|Mixed Platforms
		Debug|x64 = Debug|x64
		Debug|x86 = Debug|x86
		Release WP8|Any CPU = Release WP8|Any CPU
		Release WP8|ARM = Release WP8|ARM
		Release WP8|Mixed Platforms = Release WP8|Mixed Platforms
		Release WP8|x64 = Release WP8|x64
		Release WP8|x86 = Release WP8|x86
		Release|Any CPU = Release|Any CPU
		Release|ARM = Release|ARM
		Release|Mixed Platforms = Release|Mixed Platforms
		Release|x64 = Release|x64
		Release|x86 = Release|x86
	EndGlobalSection
	GlobalSection(ProjectConfigurationPlatforms) = postSolution
		{4B445D34-5797-462B-A144-D7F157A8F439}.Debug Windows|Any CPU.ActiveCfg = Debug|Any CPU
		{4B445D34-5797-462B-A144-D7F157A8F439}.Debug Windows|ARM.ActiveCfg = Debug Windows|Any CPU
		{4B445D34-5797-462B-A144-D7F157A8F439}.Debug Windows|Mixed Platforms.ActiveCfg = Debug|Any CPU
		{4B445D34-5797-462B-A144-D7F157A8F439}.Debug Windows|Mixed Platforms.Build.0 = Debug|Any CPU
		{4B445D34-5797-462B-A144-D7F157A8F439}.Debug Windows|Mixed Platforms.Deploy.0 = Debug|Any CPU
		{4B445D34-5797-462B-A144-D7F157A8F439}.Debug Windows|x64.ActiveCfg = Debug Windows|Any CPU
		{4B445D34-5797-462B-A144-D7F157A8F439}.Debug Windows|x86.ActiveCfg = Debug|Any CPU
		{4B445D34-5797-462B-A144-D7F157A8F439}.Debug WP8|Any CPU.ActiveCfg = Debug WP8|Any CPU
		{4B445D34-5797-462B-A144-D7F157A8F439}.Debug WP8|Any CPU.Build.0 = Debug WP8|Any CPU
		{4B445D34-5797-462B-A144-D7F157A8F439}.Debug WP8|ARM.ActiveCfg = Debug WP8|Any CPU
		{4B445D34-5797-462B-A144-D7F157A8F439}.Debug WP8|Mixed Platforms.ActiveCfg = Debug WP8|Any CPU
		{4B445D34-5797-462B-A144-D7F157A8F439}.Debug WP8|Mixed Platforms.Build.0 = Debug WP8|Any CPU
		{4B445D34-5797-462B-A144-D7F157A8F439}.Debug WP8|Mixed Platforms.Deploy.0 = Debug WP8|Any CPU
		{4B445D34-5797-462B-A144-D7F157A8F439}.Debug WP8|x64.ActiveCfg = Debug WP8|Any CPU
		{4B445D34-5797-462B-A144-D7F157A8F439}.Debug WP8|x86.ActiveCfg = Debug WP8|Any CPU
		{4B445D34-5797-462B-A144-D7F157A8F439}.Debug|Any CPU.ActiveCfg = Debug|Any CPU
		{4B445D34-5797-462B-A144-D7F157A8F439}.Debug|Any CPU.Build.0 = Debug|Any CPU
		{4B445D34-5797-462B-A144-D7F157A8F439}.Debug|Any CPU.Deploy.0 = Debug|Any CPU
		{4B445D34-5797-462B-A144-D7F157A8F439}.Debug|ARM.ActiveCfg = Debug|Any CPU
		{4B445D34-5797-462B-A144-D7F157A8F439}.Debug|Mixed Platforms.ActiveCfg = Debug|Any CPU
		{4B445D34-5797-462B-A144-D7F157A8F439}.Debug|Mixed Platforms.Build.0 = Debug|Any CPU
		{4B445D34-5797-462B-A144-D7F157A8F439}.Debug|Mixed Platforms.Deploy.0 = Debug|Any CPU
		{4B445D34-5797-462B-A144-D7F157A8F439}.Debug|x64.ActiveCfg = Debug|Any CPU
		{4B445D34-5797-462B-A144-D7F157A8F439}.Debug|x86.ActiveCfg = Debug|Any CPU
		{4B445D34-5797-462B-A144-D7F157A8F439}.Release WP8|Any CPU.ActiveCfg = Release WP8|Any CPU
		{4B445D34-5797-462B-A144-D7F157A8F439}.Release WP8|Any CPU.Build.0 = Release WP8|Any CPU
		{4B445D34-5797-462B-A144-D7F157A8F439}.Release WP8|ARM.ActiveCfg = Release WP8|Any CPU
		{4B445D34-5797-462B-A144-D7F157A8F439}.Release WP8|Mixed Platforms.ActiveCfg = Release WP8|Any CPU
		{4B445D34-5797-462B-A144-D7F157A8F439}.Release WP8|Mixed Platforms.Build.0 = Release WP8|Any CPU
		{4B445D34-5797-462B-A144-D7F157A8F439}.Release WP8|Mixed Platforms.Deploy.0 = Release WP8|Any CPU
		{4B445D34-5797-462B-A144-D7F157A8F439}.Release WP8|x64.ActiveCfg = Release WP8|Any CPU
		{4B445D34-5797-462B-A144-D7F157A8F439}.Release WP8|x86.ActiveCfg = Release WP8|Any CPU
		{4B445D34-5797-462B-A144-D7F157A8F439}.Release|Any CPU.ActiveCfg = Release|Any CPU
		{4B445D34-5797-462B-A144-D7F157A8F439}.Release|Any CPU.Build.0 = Release|Any CPU
		{4B445D34-5797-462B-A144-D7F157A8F439}.Release|Any CPU.Deploy.0 = Release|Any CPU
		{4B445D34-5797-462B-A144-D7F157A8F439}.Release|ARM.ActiveCfg = Release|Any CPU
		{4B445D34-5797-462B-A144-D7F157A8F439}.Release|Mixed Platforms.ActiveCfg = Release|Any CPU
		{4B445D34-5797-462B-A144-D7F157A8F439}.Release|Mixed Platforms.Build.0 = Release|Any CPU
		{4B445D34-5797-462B-A144-D7F157A8F439}.Release|Mixed Platforms.Deploy.0 = Release|Any CPU
		{4B445D34-5797-462B-A144-D7F157A8F439}.Release|x64.ActiveCfg = Release|Any CPU
		{4B445D34-5797-462B-A144-D7F157A8F439}.Release|x86.ActiveCfg = Release|Any CPU
		{8DBAC7CA-2708-4006-8D98-539513F30E4D}.Debug Windows|Any CPU.ActiveCfg = Debug Windows|Any CPU
		{8DBAC7CA-2708-4006-8D98-539513F30E4D}.Debug Windows|Any CPU.Build.0 = Debug Windows|Any CPU
		{8DBAC7CA-2708-4006-8D98-539513F30E4D}.Debug Windows|ARM.ActiveCfg = Debug Windows|Any CPU
		{8DBAC7CA-2708-4006-8D98-539513F30E4D}.Debug Windows|Mixed Platforms.ActiveCfg = Debug|Any CPU
		{8DBAC7CA-2708-4006-8D98-539513F30E4D}.Debug Windows|Mixed Platforms.Build.0 = Debug|Any CPU
		{8DBAC7CA-2708-4006-8D98-539513F30E4D}.Debug Windows|x64.ActiveCfg = Debug Windows|Any CPU
		{8DBAC7CA-2708-4006-8D98-539513F30E4D}.Debug Windows|x86.ActiveCfg = Debug|Any CPU
		{8DBAC7CA-2708-4006-8D98-539513F30E4D}.Debug WP8|Any CPU.ActiveCfg = Debug WP8|Any CPU
		{8DBAC7CA-2708-4006-8D98-539513F30E4D}.Debug WP8|Any CPU.Build.0 = Debug WP8|Any CPU
		{8DBAC7CA-2708-4006-8D98-539513F30E4D}.Debug WP8|ARM.ActiveCfg = Debug WP8|Any CPU
		{8DBAC7CA-2708-4006-8D98-539513F30E4D}.Debug WP8|Mixed Platforms.ActiveCfg = Debug WP8|Any CPU
		{8DBAC7CA-2708-4006-8D98-539513F30E4D}.Debug WP8|Mixed Platforms.Build.0 = Debug WP8|Any CPU
		{8DBAC7CA-2708-4006-8D98-539513F30E4D}.Debug WP8|x64.ActiveCfg = Debug WP8|Any CPU
		{8DBAC7CA-2708-4006-8D98-539513F30E4D}.Debug WP8|x86.ActiveCfg = Debug WP8|Any CPU
		{8DBAC7CA-2708-4006-8D98-539513F30E4D}.Debug|Any CPU.ActiveCfg = Debug|Any CPU
		{8DBAC7CA-2708-4006-8D98-539513F30E4D}.Debug|Any CPU.Build.0 = Debug|Any CPU
		{8DBAC7CA-2708-4006-8D98-539513F30E4D}.Debug|ARM.ActiveCfg = Debug|Any CPU
		{8DBAC7CA-2708-4006-8D98-539513F30E4D}.Debug|Mixed Platforms.ActiveCfg = Debug|Any CPU
		{8DBAC7CA-2708-4006-8D98-539513F30E4D}.Debug|Mixed Platforms.Build.0 = Debug|Any CPU
		{8DBAC7CA-2708-4006-8D98-539513F30E4D}.Debug|x64.ActiveCfg = Debug|Any CPU
		{8DBAC7CA-2708-4006-8D98-539513F30E4D}.Debug|x86.ActiveCfg = Debug|Any CPU
		{8DBAC7CA-2708-4006-8D98-539513F30E4D}.Release WP8|Any CPU.ActiveCfg = Release WP8|Any CPU
		{8DBAC7CA-2708-4006-8D98-539513F30E4D}.Release WP8|Any CPU.Build.0 = Release WP8|Any CPU
		{8DBAC7CA-2708-4006-8D98-539513F30E4D}.Release WP8|ARM.ActiveCfg = Release WP8|Any CPU
		{8DBAC7CA-2708-4006-8D98-539513F30E4D}.Release WP8|Mixed Platforms.ActiveCfg = Release WP8|Any CPU
		{8DBAC7CA-2708-4006-8D98-539513F30E4D}.Release WP8|Mixed Platforms.Build.0 = Release WP8|Any CPU
		{8DBAC7CA-2708-4006-8D98-539513F30E4D}.Release WP8|x64.ActiveCfg = Release WP8|Any CPU
		{8DBAC7CA-2708-4006-8D98-539513F30E4D}.Release WP8|x86.ActiveCfg = Release WP8|Any CPU
		{8DBAC7CA-2708-4006-8D98-539513F30E4D}.Release|Any CPU.ActiveCfg = Release|Any CPU
		{8DBAC7CA-2708-4006-8D98-539513F30E4D}.Release|Any CPU.Build.0 = Release|Any CPU
		{8DBAC7CA-2708-4006-8D98-539513F30E4D}.Release|ARM.ActiveCfg = Release|Any CPU
		{8DBAC7CA-2708-4006-8D98-539513F30E4D}.Release|Mixed Platforms.ActiveCfg = Release|Any CPU
		{8DBAC7CA-2708-4006-8D98-539513F30E4D}.Release|Mixed Platforms.Build.0 = Release|Any CPU
		{8DBAC7CA-2708-4006-8D98-539513F30E4D}.Release|x64.ActiveCfg = Release|Any CPU
		{8DBAC7CA-2708-4006-8D98-539513F30E4D}.Release|x86.ActiveCfg = Release|Any CPU
		{8506E8F6-0370-4E58-A714-CB69D8205CF0}.Debug Windows|Any CPU.ActiveCfg = Debug|x86
		{8506E8F6-0370-4E58-A714-CB69D8205CF0}.Debug Windows|ARM.ActiveCfg = Debug Windows|x86
		{8506E8F6-0370-4E58-A714-CB69D8205CF0}.Debug Windows|Mixed Platforms.ActiveCfg = Debug|x86
		{8506E8F6-0370-4E58-A714-CB69D8205CF0}.Debug Windows|Mixed Platforms.Build.0 = Debug|x86
		{8506E8F6-0370-4E58-A714-CB69D8205CF0}.Debug Windows|x64.ActiveCfg = Debug Windows|x86
		{8506E8F6-0370-4E58-A714-CB69D8205CF0}.Debug Windows|x86.ActiveCfg = Debug|x86
		{8506E8F6-0370-4E58-A714-CB69D8205CF0}.Debug Windows|x86.Build.0 = Debug|x86
		{8506E8F6-0370-4E58-A714-CB69D8205CF0}.Debug WP8|Any CPU.ActiveCfg = Debug WP8|x86
		{8506E8F6-0370-4E58-A714-CB69D8205CF0}.Debug WP8|Any CPU.Build.0 = Debug WP8|x86
		{8506E8F6-0370-4E58-A714-CB69D8205CF0}.Debug WP8|ARM.ActiveCfg = Debug WP8|x86
		{8506E8F6-0370-4E58-A714-CB69D8205CF0}.Debug WP8|Mixed Platforms.ActiveCfg = Debug WP8|x86
		{8506E8F6-0370-4E58-A714-CB69D8205CF0}.Debug WP8|Mixed Platforms.Build.0 = Debug WP8|x86
		{8506E8F6-0370-4E58-A714-CB69D8205CF0}.Debug WP8|x64.ActiveCfg = Debug WP8|x86
		{8506E8F6-0370-4E58-A714-CB69D8205CF0}.Debug WP8|x86.ActiveCfg = Debug WP8|x86
		{8506E8F6-0370-4E58-A714-CB69D8205CF0}.Debug|Any CPU.ActiveCfg = Debug|x86
		{8506E8F6-0370-4E58-A714-CB69D8205CF0}.Debug|Any CPU.Build.0 = Debug|x86
		{8506E8F6-0370-4E58-A714-CB69D8205CF0}.Debug|ARM.ActiveCfg = Debug|x86
		{8506E8F6-0370-4E58-A714-CB69D8205CF0}.Debug|Mixed Platforms.ActiveCfg = Debug|x86
		{8506E8F6-0370-4E58-A714-CB69D8205CF0}.Debug|Mixed Platforms.Build.0 = Debug|x86
		{8506E8F6-0370-4E58-A714-CB69D8205CF0}.Debug|x64.ActiveCfg = Debug|x86
		{8506E8F6-0370-4E58-A714-CB69D8205CF0}.Debug|x86.ActiveCfg = Debug|x86
		{8506E8F6-0370-4E58-A714-CB69D8205CF0}.Debug|x86.Build.0 = Debug|x86
		{8506E8F6-0370-4E58-A714-CB69D8205CF0}.Release WP8|Any CPU.ActiveCfg = Release WP8|x86
		{8506E8F6-0370-4E58-A714-CB69D8205CF0}.Release WP8|Any CPU.Build.0 = Release WP8|x86
		{8506E8F6-0370-4E58-A714-CB69D8205CF0}.Release WP8|ARM.ActiveCfg = Release WP8|x86
		{8506E8F6-0370-4E58-A714-CB69D8205CF0}.Release WP8|Mixed Platforms.ActiveCfg = Release WP8|x86
		{8506E8F6-0370-4E58-A714-CB69D8205CF0}.Release WP8|Mixed Platforms.Build.0 = Release WP8|x86
		{8506E8F6-0370-4E58-A714-CB69D8205CF0}.Release WP8|x64.ActiveCfg = Release WP8|x86
		{8506E8F6-0370-4E58-A714-CB69D8205CF0}.Release WP8|x86.ActiveCfg = Release WP8|x86
		{8506E8F6-0370-4E58-A714-CB69D8205CF0}.Release|Any CPU.ActiveCfg = Release|x86
		{8506E8F6-0370-4E58-A714-CB69D8205CF0}.Release|Any CPU.Build.0 = Release|x86
		{8506E8F6-0370-4E58-A714-CB69D8205CF0}.Release|ARM.ActiveCfg = Release|x86
		{8506E8F6-0370-4E58-A714-CB69D8205CF0}.Release|Mixed Platforms.ActiveCfg = Release|x86
		{8506E8F6-0370-4E58-A714-CB69D8205CF0}.Release|Mixed Platforms.Build.0 = Release|x86
		{8506E8F6-0370-4E58-A714-CB69D8205CF0}.Release|x64.ActiveCfg = Release|x86
		{8506E8F6-0370-4E58-A714-CB69D8205CF0}.Release|x86.ActiveCfg = Release|x86
		{8506E8F6-0370-4E58-A714-CB69D8205CF0}.Release|x86.Build.0 = Release|x86
		{C16F89C2-7ABB-4259-9338-4CC667FF751B}.Debug Windows|Any CPU.ActiveCfg = Debug|x86
		{C16F89C2-7ABB-4259-9338-4CC667FF751B}.Debug Windows|Any CPU.Build.0 = Debug|x86
		{C16F89C2-7ABB-4259-9338-4CC667FF751B}.Debug Windows|ARM.ActiveCfg = Debug|x86
		{C16F89C2-7ABB-4259-9338-4CC667FF751B}.Debug Windows|Mixed Platforms.ActiveCfg = Debug|x86
		{C16F89C2-7ABB-4259-9338-4CC667FF751B}.Debug Windows|Mixed Platforms.Build.0 = Debug|x86
		{C16F89C2-7ABB-4259-9338-4CC667FF751B}.Debug Windows|x64.ActiveCfg = Debug Windows|x86
		{C16F89C2-7ABB-4259-9338-4CC667FF751B}.Debug Windows|x86.ActiveCfg = Debug|x86
		{C16F89C2-7ABB-4259-9338-4CC667FF751B}.Debug Windows|x86.Build.0 = Debug|x86
		{C16F89C2-7ABB-4259-9338-4CC667FF751B}.Debug WP8|Any CPU.ActiveCfg = Debug|x86
		{C16F89C2-7ABB-4259-9338-4CC667FF751B}.Debug WP8|ARM.ActiveCfg = Debug|x86
		{C16F89C2-7ABB-4259-9338-4CC667FF751B}.Debug WP8|Mixed Platforms.ActiveCfg = Debug|x86
		{C16F89C2-7ABB-4259-9338-4CC667FF751B}.Debug WP8|x64.ActiveCfg = Debug Windows|x86
		{C16F89C2-7ABB-4259-9338-4CC667FF751B}.Debug WP8|x86.ActiveCfg = Debug|x86
		{C16F89C2-7ABB-4259-9338-4CC667FF751B}.Debug|Any CPU.ActiveCfg = Debug|x86
		{C16F89C2-7ABB-4259-9338-4CC667FF751B}.Debug|ARM.ActiveCfg = Debug|x86
		{C16F89C2-7ABB-4259-9338-4CC667FF751B}.Debug|Mixed Platforms.ActiveCfg = Debug|x86
		{C16F89C2-7ABB-4259-9338-4CC667FF751B}.Debug|Mixed Platforms.Build.0 = Debug|x86
		{C16F89C2-7ABB-4259-9338-4CC667FF751B}.Debug|x64.ActiveCfg = Debug|x86
		{C16F89C2-7ABB-4259-9338-4CC667FF751B}.Debug|x86.ActiveCfg = Debug|x86
		{C16F89C2-7ABB-4259-9338-4CC667FF751B}.Debug|x86.Build.0 = Debug|x86
		{C16F89C2-7ABB-4259-9338-4CC667FF751B}.Release WP8|Any CPU.ActiveCfg = Release|x86
		{C16F89C2-7ABB-4259-9338-4CC667FF751B}.Release WP8|ARM.ActiveCfg = Release|x86
		{C16F89C2-7ABB-4259-9338-4CC667FF751B}.Release WP8|Mixed Platforms.ActiveCfg = Release|x86
		{C16F89C2-7ABB-4259-9338-4CC667FF751B}.Release WP8|x64.ActiveCfg = Release|x86
		{C16F89C2-7ABB-4259-9338-4CC667FF751B}.Release WP8|x86.ActiveCfg = Release|x86
		{C16F89C2-7ABB-4259-9338-4CC667FF751B}.Release|Any CPU.ActiveCfg = Release|x86
		{C16F89C2-7ABB-4259-9338-4CC667FF751B}.Release|ARM.ActiveCfg = Release|x86
		{C16F89C2-7ABB-4259-9338-4CC667FF751B}.Release|Mixed Platforms.ActiveCfg = Release|x86
		{C16F89C2-7ABB-4259-9338-4CC667FF751B}.Release|Mixed Platforms.Build.0 = Release|x86
		{C16F89C2-7ABB-4259-9338-4CC667FF751B}.Release|x64.ActiveCfg = Release|x86
		{C16F89C2-7ABB-4259-9338-4CC667FF751B}.Release|x86.ActiveCfg = Release|x86
		{C16F89C2-7ABB-4259-9338-4CC667FF751B}.Release|x86.Build.0 = Release|x86
		{EC6B3C85-182D-4ED1-BB8A-DB14A9C1701B}.Debug Windows|Any CPU.ActiveCfg = Debug Windows|Any CPU
		{EC6B3C85-182D-4ED1-BB8A-DB14A9C1701B}.Debug Windows|Any CPU.Build.0 = Debug Windows|Any CPU
		{EC6B3C85-182D-4ED1-BB8A-DB14A9C1701B}.Debug Windows|Any CPU.Deploy.0 = Debug Windows|Any CPU
		{EC6B3C85-182D-4ED1-BB8A-DB14A9C1701B}.Debug Windows|ARM.ActiveCfg = Debug Windows|ARM
		{EC6B3C85-182D-4ED1-BB8A-DB14A9C1701B}.Debug Windows|ARM.Build.0 = Debug Windows|ARM
		{EC6B3C85-182D-4ED1-BB8A-DB14A9C1701B}.Debug Windows|ARM.Deploy.0 = Debug Windows|ARM
		{EC6B3C85-182D-4ED1-BB8A-DB14A9C1701B}.Debug Windows|Mixed Platforms.ActiveCfg = Debug Windows|Any CPU
		{EC6B3C85-182D-4ED1-BB8A-DB14A9C1701B}.Debug Windows|Mixed Platforms.Build.0 = Debug Windows|Any CPU
		{EC6B3C85-182D-4ED1-BB8A-DB14A9C1701B}.Debug Windows|Mixed Platforms.Deploy.0 = Debug Windows|Any CPU
		{EC6B3C85-182D-4ED1-BB8A-DB14A9C1701B}.Debug Windows|x64.ActiveCfg = Debug Windows|Any CPU
		{EC6B3C85-182D-4ED1-BB8A-DB14A9C1701B}.Debug Windows|x86.ActiveCfg = Debug Windows|Any CPU
		{EC6B3C85-182D-4ED1-BB8A-DB14A9C1701B}.Debug WP8|Any CPU.ActiveCfg = Debug WP8|Any CPU
		{EC6B3C85-182D-4ED1-BB8A-DB14A9C1701B}.Debug WP8|Any CPU.Build.0 = Debug WP8|Any CPU
		{EC6B3C85-182D-4ED1-BB8A-DB14A9C1701B}.Debug WP8|Any CPU.Deploy.0 = Debug WP8|Any CPU
		{EC6B3C85-182D-4ED1-BB8A-DB14A9C1701B}.Debug WP8|ARM.ActiveCfg = Debug WP8|ARM
		{EC6B3C85-182D-4ED1-BB8A-DB14A9C1701B}.Debug WP8|ARM.Build.0 = Debug WP8|ARM
		{EC6B3C85-182D-4ED1-BB8A-DB14A9C1701B}.Debug WP8|ARM.Deploy.0 = Debug WP8|ARM
		{EC6B3C85-182D-4ED1-BB8A-DB14A9C1701B}.Debug WP8|Mixed Platforms.ActiveCfg = Debug WP8|Any CPU
		{EC6B3C85-182D-4ED1-BB8A-DB14A9C1701B}.Debug WP8|Mixed Platforms.Build.0 = Debug WP8|Any CPU
		{EC6B3C85-182D-4ED1-BB8A-DB14A9C1701B}.Debug WP8|Mixed Platforms.Deploy.0 = Debug WP8|Any CPU
		{EC6B3C85-182D-4ED1-BB8A-DB14A9C1701B}.Debug WP8|x64.ActiveCfg = Debug WP8|Any CPU
		{EC6B3C85-182D-4ED1-BB8A-DB14A9C1701B}.Debug WP8|x86.ActiveCfg = Debug WP8|x86
		{EC6B3C85-182D-4ED1-BB8A-DB14A9C1701B}.Debug WP8|x86.Build.0 = Debug WP8|x86
		{EC6B3C85-182D-4ED1-BB8A-DB14A9C1701B}.Debug WP8|x86.Deploy.0 = Debug WP8|x86
		{EC6B3C85-182D-4ED1-BB8A-DB14A9C1701B}.Debug|Any CPU.ActiveCfg = Debug|Any CPU
		{EC6B3C85-182D-4ED1-BB8A-DB14A9C1701B}.Debug|Any CPU.Build.0 = Debug|Any CPU
		{EC6B3C85-182D-4ED1-BB8A-DB14A9C1701B}.Debug|ARM.ActiveCfg = Debug|ARM
		{EC6B3C85-182D-4ED1-BB8A-DB14A9C1701B}.Debug|ARM.Build.0 = Debug|ARM
		{EC6B3C85-182D-4ED1-BB8A-DB14A9C1701B}.Debug|ARM.Deploy.0 = Debug|ARM
		{EC6B3C85-182D-4ED1-BB8A-DB14A9C1701B}.Debug|Mixed Platforms.ActiveCfg = Debug|Any CPU
		{EC6B3C85-182D-4ED1-BB8A-DB14A9C1701B}.Debug|Mixed Platforms.Build.0 = Debug|Any CPU
		{EC6B3C85-182D-4ED1-BB8A-DB14A9C1701B}.Debug|Mixed Platforms.Deploy.0 = Debug|Any CPU
		{EC6B3C85-182D-4ED1-BB8A-DB14A9C1701B}.Debug|x64.ActiveCfg = Debug|Any CPU
		{EC6B3C85-182D-4ED1-BB8A-DB14A9C1701B}.Debug|x86.ActiveCfg = Debug|Any CPU
		{EC6B3C85-182D-4ED1-BB8A-DB14A9C1701B}.Release WP8|Any CPU.ActiveCfg = Release WP8|Any CPU
		{EC6B3C85-182D-4ED1-BB8A-DB14A9C1701B}.Release WP8|Any CPU.Build.0 = Release WP8|Any CPU
		{EC6B3C85-182D-4ED1-BB8A-DB14A9C1701B}.Release WP8|Any CPU.Deploy.0 = Release WP8|Any CPU
		{EC6B3C85-182D-4ED1-BB8A-DB14A9C1701B}.Release WP8|ARM.ActiveCfg = Release WP8|ARM
		{EC6B3C85-182D-4ED1-BB8A-DB14A9C1701B}.Release WP8|ARM.Build.0 = Release WP8|ARM
		{EC6B3C85-182D-4ED1-BB8A-DB14A9C1701B}.Release WP8|ARM.Deploy.0 = Release WP8|ARM
		{EC6B3C85-182D-4ED1-BB8A-DB14A9C1701B}.Release WP8|Mixed Platforms.ActiveCfg = Release WP8|Any CPU
		{EC6B3C85-182D-4ED1-BB8A-DB14A9C1701B}.Release WP8|Mixed Platforms.Build.0 = Release WP8|Any CPU
		{EC6B3C85-182D-4ED1-BB8A-DB14A9C1701B}.Release WP8|Mixed Platforms.Deploy.0 = Release WP8|Any CPU
		{EC6B3C85-182D-4ED1-BB8A-DB14A9C1701B}.Release WP8|x64.ActiveCfg = Release WP8|Any CPU
		{EC6B3C85-182D-4ED1-BB8A-DB14A9C1701B}.Release WP8|x86.ActiveCfg = Release WP8|x86
		{EC6B3C85-182D-4ED1-BB8A-DB14A9C1701B}.Release WP8|x86.Build.0 = Release WP8|x86
		{EC6B3C85-182D-4ED1-BB8A-DB14A9C1701B}.Release WP8|x86.Deploy.0 = Release WP8|x86
		{EC6B3C85-182D-4ED1-BB8A-DB14A9C1701B}.Release|Any CPU.ActiveCfg = Release|Any CPU
		{EC6B3C85-182D-4ED1-BB8A-DB14A9C1701B}.Release|Any CPU.Build.0 = Release|Any CPU
		{EC6B3C85-182D-4ED1-BB8A-DB14A9C1701B}.Release|ARM.ActiveCfg = Release|ARM
		{EC6B3C85-182D-4ED1-BB8A-DB14A9C1701B}.Release|ARM.Build.0 = Release|ARM
		{EC6B3C85-182D-4ED1-BB8A-DB14A9C1701B}.Release|ARM.Deploy.0 = Release|ARM
		{EC6B3C85-182D-4ED1-BB8A-DB14A9C1701B}.Release|Mixed Platforms.ActiveCfg = Release|Any CPU
		{EC6B3C85-182D-4ED1-BB8A-DB14A9C1701B}.Release|Mixed Platforms.Build.0 = Release|Any CPU
		{EC6B3C85-182D-4ED1-BB8A-DB14A9C1701B}.Release|Mixed Platforms.Deploy.0 = Release|Any CPU
		{EC6B3C85-182D-4ED1-BB8A-DB14A9C1701B}.Release|x64.ActiveCfg = Release|Any CPU
		{EC6B3C85-182D-4ED1-BB8A-DB14A9C1701B}.Release|x86.ActiveCfg = Release|Any CPU
		{C27DDB48-BBE4-46FB-B0B1-57CF78531F2A}.Debug Windows|Any CPU.ActiveCfg = Debug Windows|Any CPU
		{C27DDB48-BBE4-46FB-B0B1-57CF78531F2A}.Debug Windows|Any CPU.Build.0 = Debug Windows|Any CPU
		{C27DDB48-BBE4-46FB-B0B1-57CF78531F2A}.Debug Windows|ARM.ActiveCfg = Debug Windows|Any CPU
		{C27DDB48-BBE4-46FB-B0B1-57CF78531F2A}.Debug Windows|Mixed Platforms.ActiveCfg = Debug Windows|Any CPU
		{C27DDB48-BBE4-46FB-B0B1-57CF78531F2A}.Debug Windows|Mixed Platforms.Build.0 = Debug Windows|Any CPU
		{C27DDB48-BBE4-46FB-B0B1-57CF78531F2A}.Debug Windows|x64.ActiveCfg = Debug Windows|Any CPU
		{C27DDB48-BBE4-46FB-B0B1-57CF78531F2A}.Debug Windows|x86.ActiveCfg = Debug Windows|Any CPU
		{C27DDB48-BBE4-46FB-B0B1-57CF78531F2A}.Debug WP8|Any CPU.ActiveCfg = Debug WP8|Any CPU
		{C27DDB48-BBE4-46FB-B0B1-57CF78531F2A}.Debug WP8|Any CPU.Build.0 = Debug WP8|Any CPU
		{C27DDB48-BBE4-46FB-B0B1-57CF78531F2A}.Debug WP8|ARM.ActiveCfg = Debug WP8|ARM
		{C27DDB48-BBE4-46FB-B0B1-57CF78531F2A}.Debug WP8|ARM.Build.0 = Debug WP8|ARM
		{C27DDB48-BBE4-46FB-B0B1-57CF78531F2A}.Debug WP8|Mixed Platforms.ActiveCfg = Debug WP8|Any CPU
		{C27DDB48-BBE4-46FB-B0B1-57CF78531F2A}.Debug WP8|Mixed Platforms.Build.0 = Debug WP8|Any CPU
		{C27DDB48-BBE4-46FB-B0B1-57CF78531F2A}.Debug WP8|x64.ActiveCfg = Debug WP8|Any CPU
		{C27DDB48-BBE4-46FB-B0B1-57CF78531F2A}.Debug WP8|x86.ActiveCfg = Debug WP8|x86
		{C27DDB48-BBE4-46FB-B0B1-57CF78531F2A}.Debug WP8|x86.Build.0 = Debug WP8|x86
		{C27DDB48-BBE4-46FB-B0B1-57CF78531F2A}.Debug|Any CPU.ActiveCfg = Debug|Any CPU
		{C27DDB48-BBE4-46FB-B0B1-57CF78531F2A}.Debug|Any CPU.Build.0 = Debug|Any CPU
		{C27DDB48-BBE4-46FB-B0B1-57CF78531F2A}.Debug|ARM.ActiveCfg = Debug|Any CPU
		{C27DDB48-BBE4-46FB-B0B1-57CF78531F2A}.Debug|Mixed Platforms.ActiveCfg = Debug|Any CPU
		{C27DDB48-BBE4-46FB-B0B1-57CF78531F2A}.Debug|Mixed Platforms.Build.0 = Debug|Any CPU
		{C27DDB48-BBE4-46FB-B0B1-57CF78531F2A}.Debug|x64.ActiveCfg = Debug|Any CPU
		{C27DDB48-BBE4-46FB-B0B1-57CF78531F2A}.Debug|x86.ActiveCfg = Debug|Any CPU
		{C27DDB48-BBE4-46FB-B0B1-57CF78531F2A}.Release WP8|Any CPU.ActiveCfg = Release WP8|Any CPU
		{C27DDB48-BBE4-46FB-B0B1-57CF78531F2A}.Release WP8|Any CPU.Build.0 = Release WP8|Any CPU
		{C27DDB48-BBE4-46FB-B0B1-57CF78531F2A}.Release WP8|ARM.ActiveCfg = Release WP8|ARM
		{C27DDB48-BBE4-46FB-B0B1-57CF78531F2A}.Release WP8|ARM.Build.0 = Release WP8|ARM
		{C27DDB48-BBE4-46FB-B0B1-57CF78531F2A}.Release WP8|Mixed Platforms.ActiveCfg = Release WP8|Any CPU
		{C27DDB48-BBE4-46FB-B0B1-57CF78531F2A}.Release WP8|Mixed Platforms.Build.0 = Release WP8|Any CPU
		{C27DDB48-BBE4-46FB-B0B1-57CF78531F2A}.Release WP8|x64.ActiveCfg = Release WP8|Any CPU
		{C27DDB48-BBE4-46FB-B0B1-57CF78531F2A}.Release WP8|x86.ActiveCfg = Release WP8|x86
		{C27DDB48-BBE4-46FB-B0B1-57CF78531F2A}.Release WP8|x86.Build.0 = Release WP8|x86
		{C27DDB48-BBE4-46FB-B0B1-57CF78531F2A}.Release|Any CPU.ActiveCfg = Release|Any CPU
		{C27DDB48-BBE4-46FB-B0B1-57CF78531F2A}.Release|Any CPU.Build.0 = Release|Any CPU
		{C27DDB48-BBE4-46FB-B0B1-57CF78531F2A}.Release|ARM.ActiveCfg = Release|Any CPU
		{C27DDB48-BBE4-46FB-B0B1-57CF78531F2A}.Release|Mixed Platforms.ActiveCfg = Release|Any CPU
		{C27DDB48-BBE4-46FB-B0B1-57CF78531F2A}.Release|Mixed Platforms.Build.0 = Release|Any CPU
		{C27DDB48-BBE4-46FB-B0B1-57CF78531F2A}.Release|x64.ActiveCfg = Release|Any CPU
		{C27DDB48-BBE4-46FB-B0B1-57CF78531F2A}.Release|x86.ActiveCfg = Release|Any CPU
		{5135A5D5-F64A-4D93-927C-2012BF0CB605}.Debug Windows|Any CPU.ActiveCfg = Debug|Any CPU
		{5135A5D5-F64A-4D93-927C-2012BF0CB605}.Debug Windows|Any CPU.Build.0 = Debug|Any CPU
		{5135A5D5-F64A-4D93-927C-2012BF0CB605}.Debug Windows|ARM.ActiveCfg = Debug|Any CPU
		{5135A5D5-F64A-4D93-927C-2012BF0CB605}.Debug Windows|Mixed Platforms.ActiveCfg = Debug|Any CPU
		{5135A5D5-F64A-4D93-927C-2012BF0CB605}.Debug Windows|Mixed Platforms.Build.0 = Debug|Any CPU
		{5135A5D5-F64A-4D93-927C-2012BF0CB605}.Debug Windows|x64.ActiveCfg = Debug|Any CPU
		{5135A5D5-F64A-4D93-927C-2012BF0CB605}.Debug Windows|x86.ActiveCfg = Debug|Any CPU
		{5135A5D5-F64A-4D93-927C-2012BF0CB605}.Debug WP8|Any CPU.ActiveCfg = Debug|Any CPU
		{5135A5D5-F64A-4D93-927C-2012BF0CB605}.Debug WP8|Any CPU.Build.0 = Debug|Any CPU
		{5135A5D5-F64A-4D93-927C-2012BF0CB605}.Debug WP8|ARM.ActiveCfg = Debug|Any CPU
		{5135A5D5-F64A-4D93-927C-2012BF0CB605}.Debug WP8|Mixed Platforms.ActiveCfg = Debug|Any CPU
		{5135A5D5-F64A-4D93-927C-2012BF0CB605}.Debug WP8|Mixed Platforms.Build.0 = Debug|Any CPU
		{5135A5D5-F64A-4D93-927C-2012BF0CB605}.Debug WP8|x64.ActiveCfg = Debug|Any CPU
		{5135A5D5-F64A-4D93-927C-2012BF0CB605}.Debug WP8|x86.ActiveCfg = Debug|Any CPU
		{5135A5D5-F64A-4D93-927C-2012BF0CB605}.Debug|Any CPU.ActiveCfg = Debug|Any CPU
		{5135A5D5-F64A-4D93-927C-2012BF0CB605}.Debug|Any CPU.Build.0 = Debug|Any CPU
		{5135A5D5-F64A-4D93-927C-2012BF0CB605}.Debug|ARM.ActiveCfg = Debug|Any CPU
		{5135A5D5-F64A-4D93-927C-2012BF0CB605}.Debug|Mixed Platforms.ActiveCfg = Debug|Any CPU
		{5135A5D5-F64A-4D93-927C-2012BF0CB605}.Debug|Mixed Platforms.Build.0 = Debug|Any CPU
		{5135A5D5-F64A-4D93-927C-2012BF0CB605}.Debug|x64.ActiveCfg = Debug|Any CPU
		{5135A5D5-F64A-4D93-927C-2012BF0CB605}.Debug|x86.ActiveCfg = Debug|Any CPU
		{5135A5D5-F64A-4D93-927C-2012BF0CB605}.Release WP8|Any CPU.ActiveCfg = Release|Any CPU
		{5135A5D5-F64A-4D93-927C-2012BF0CB605}.Release WP8|Any CPU.Build.0 = Release|Any CPU
		{5135A5D5-F64A-4D93-927C-2012BF0CB605}.Release WP8|ARM.ActiveCfg = Release|Any CPU
		{5135A5D5-F64A-4D93-927C-2012BF0CB605}.Release WP8|Mixed Platforms.ActiveCfg = Release|Any CPU
		{5135A5D5-F64A-4D93-927C-2012BF0CB605}.Release WP8|Mixed Platforms.Build.0 = Release|Any CPU
		{5135A5D5-F64A-4D93-927C-2012BF0CB605}.Release WP8|x64.ActiveCfg = Release|Any CPU
		{5135A5D5-F64A-4D93-927C-2012BF0CB605}.Release WP8|x86.ActiveCfg = Release|Any CPU
		{5135A5D5-F64A-4D93-927C-2012BF0CB605}.Release|Any CPU.ActiveCfg = Release|Any CPU
		{5135A5D5-F64A-4D93-927C-2012BF0CB605}.Release|Any CPU.Build.0 = Release|Any CPU
		{5135A5D5-F64A-4D93-927C-2012BF0CB605}.Release|ARM.ActiveCfg = Release|Any CPU
		{5135A5D5-F64A-4D93-927C-2012BF0CB605}.Release|Mixed Platforms.ActiveCfg = Release|Any CPU
		{5135A5D5-F64A-4D93-927C-2012BF0CB605}.Release|Mixed Platforms.Build.0 = Release|Any CPU
		{5135A5D5-F64A-4D93-927C-2012BF0CB605}.Release|x64.ActiveCfg = Release|Any CPU
		{5135A5D5-F64A-4D93-927C-2012BF0CB605}.Release|x86.ActiveCfg = Release|Any CPU
		{256BF903-2953-4FAF-BB0A-0843E5A205A4}.Debug Windows|Any CPU.ActiveCfg = Debug|Any CPU
		{256BF903-2953-4FAF-BB0A-0843E5A205A4}.Debug Windows|Any CPU.Build.0 = Debug|Any CPU
		{256BF903-2953-4FAF-BB0A-0843E5A205A4}.Debug Windows|ARM.ActiveCfg = Debug|ARM
		{256BF903-2953-4FAF-BB0A-0843E5A205A4}.Debug Windows|ARM.Build.0 = Debug|ARM
		{256BF903-2953-4FAF-BB0A-0843E5A205A4}.Debug Windows|Mixed Platforms.ActiveCfg = Debug|x86
		{256BF903-2953-4FAF-BB0A-0843E5A205A4}.Debug Windows|Mixed Platforms.Build.0 = Debug|x86
		{256BF903-2953-4FAF-BB0A-0843E5A205A4}.Debug Windows|x64.ActiveCfg = Debug|x64
		{256BF903-2953-4FAF-BB0A-0843E5A205A4}.Debug Windows|x64.Build.0 = Debug|x64
		{256BF903-2953-4FAF-BB0A-0843E5A205A4}.Debug Windows|x86.ActiveCfg = Debug|x86
		{256BF903-2953-4FAF-BB0A-0843E5A205A4}.Debug Windows|x86.Build.0 = Debug|x86
		{256BF903-2953-4FAF-BB0A-0843E5A205A4}.Debug WP8|Any CPU.ActiveCfg = Debug|Any CPU
		{256BF903-2953-4FAF-BB0A-0843E5A205A4}.Debug WP8|Any CPU.Build.0 = Debug|Any CPU
		{256BF903-2953-4FAF-BB0A-0843E5A205A4}.Debug WP8|ARM.ActiveCfg = Debug|ARM
		{256BF903-2953-4FAF-BB0A-0843E5A205A4}.Debug WP8|ARM.Build.0 = Debug|ARM
		{256BF903-2953-4FAF-BB0A-0843E5A205A4}.Debug WP8|Mixed Platforms.ActiveCfg = Debug|x86
		{256BF903-2953-4FAF-BB0A-0843E5A205A4}.Debug WP8|Mixed Platforms.Build.0 = Debug|x86
		{256BF903-2953-4FAF-BB0A-0843E5A205A4}.Debug WP8|x64.ActiveCfg = Debug|x64
		{256BF903-2953-4FAF-BB0A-0843E5A205A4}.Debug WP8|x64.Build.0 = Debug|x64
		{256BF903-2953-4FAF-BB0A-0843E5A205A4}.Debug WP8|x86.ActiveCfg = Debug|x86
		{256BF903-2953-4FAF-BB0A-0843E5A205A4}.Debug WP8|x86.Build.0 = Debug|x86
		{256BF903-2953-4FAF-BB0A-0843E5A205A4}.Debug|Any CPU.ActiveCfg = Debug|Any CPU
		{256BF903-2953-4FAF-BB0A-0843E5A205A4}.Debug|Any CPU.Build.0 = Debug|Any CPU
		{256BF903-2953-4FAF-BB0A-0843E5A205A4}.Debug|ARM.ActiveCfg = Debug|ARM
		{256BF903-2953-4FAF-BB0A-0843E5A205A4}.Debug|ARM.Build.0 = Debug|ARM
		{256BF903-2953-4FAF-BB0A-0843E5A205A4}.Debug|Mixed Platforms.ActiveCfg = Debug|x86
		{256BF903-2953-4FAF-BB0A-0843E5A205A4}.Debug|Mixed Platforms.Build.0 = Debug|x86
		{256BF903-2953-4FAF-BB0A-0843E5A205A4}.Debug|x64.ActiveCfg = Debug|x64
		{256BF903-2953-4FAF-BB0A-0843E5A205A4}.Debug|x64.Build.0 = Debug|x64
		{256BF903-2953-4FAF-BB0A-0843E5A205A4}.Debug|x86.ActiveCfg = Debug|x86
		{256BF903-2953-4FAF-BB0A-0843E5A205A4}.Debug|x86.Build.0 = Debug|x86
		{256BF903-2953-4FAF-BB0A-0843E5A205A4}.Release WP8|Any CPU.ActiveCfg = Release|Any CPU
		{256BF903-2953-4FAF-BB0A-0843E5A205A4}.Release WP8|Any CPU.Build.0 = Release|Any CPU
		{256BF903-2953-4FAF-BB0A-0843E5A205A4}.Release WP8|ARM.ActiveCfg = Release|ARM
		{256BF903-2953-4FAF-BB0A-0843E5A205A4}.Release WP8|ARM.Build.0 = Release|ARM
		{256BF903-2953-4FAF-BB0A-0843E5A205A4}.Release WP8|Mixed Platforms.ActiveCfg = Release|x86
		{256BF903-2953-4FAF-BB0A-0843E5A205A4}.Release WP8|Mixed Platforms.Build.0 = Release|x86
		{256BF903-2953-4FAF-BB0A-0843E5A205A4}.Release WP8|x64.ActiveCfg = Release|x64
		{256BF903-2953-4FAF-BB0A-0843E5A205A4}.Release WP8|x64.Build.0 = Release|x64
		{256BF903-2953-4FAF-BB0A-0843E5A205A4}.Release WP8|x86.ActiveCfg = Release|x86
		{256BF903-2953-4FAF-BB0A-0843E5A205A4}.Release WP8|x86.Build.0 = Release|x86
		{256BF903-2953-4FAF-BB0A-0843E5A205A4}.Release|Any CPU.ActiveCfg = Release|Any CPU
		{256BF903-2953-4FAF-BB0A-0843E5A205A4}.Release|Any CPU.Build.0 = Release|Any CPU
		{256BF903-2953-4FAF-BB0A-0843E5A205A4}.Release|ARM.ActiveCfg = Release|ARM
		{256BF903-2953-4FAF-BB0A-0843E5A205A4}.Release|ARM.Build.0 = Release|ARM
		{256BF903-2953-4FAF-BB0A-0843E5A205A4}.Release|Mixed Platforms.ActiveCfg = Release|x86
		{256BF903-2953-4FAF-BB0A-0843E5A205A4}.Release|Mixed Platforms.Build.0 = Release|x86
		{256BF903-2953-4FAF-BB0A-0843E5A205A4}.Release|x64.ActiveCfg = Release|x64
		{256BF903-2953-4FAF-BB0A-0843E5A205A4}.Release|x64.Build.0 = Release|x64
		{256BF903-2953-4FAF-BB0A-0843E5A205A4}.Release|x86.ActiveCfg = Release|x86
		{256BF903-2953-4FAF-BB0A-0843E5A205A4}.Release|x86.Build.0 = Release|x86
		{DB88554E-19C6-4C6D-8CE6-1FBB69E7FE58}.Debug Windows|Any CPU.ActiveCfg = Debug|Any CPU
		{DB88554E-19C6-4C6D-8CE6-1FBB69E7FE58}.Debug Windows|Any CPU.Build.0 = Debug|Any CPU
		{DB88554E-19C6-4C6D-8CE6-1FBB69E7FE58}.Debug Windows|Any CPU.Deploy.0 = Debug|Any CPU
		{DB88554E-19C6-4C6D-8CE6-1FBB69E7FE58}.Debug Windows|ARM.ActiveCfg = Debug|ARM
		{DB88554E-19C6-4C6D-8CE6-1FBB69E7FE58}.Debug Windows|ARM.Build.0 = Debug|ARM
		{DB88554E-19C6-4C6D-8CE6-1FBB69E7FE58}.Debug Windows|ARM.Deploy.0 = Debug|ARM
		{DB88554E-19C6-4C6D-8CE6-1FBB69E7FE58}.Debug Windows|Mixed Platforms.ActiveCfg = Debug|x86
		{DB88554E-19C6-4C6D-8CE6-1FBB69E7FE58}.Debug Windows|Mixed Platforms.Build.0 = Debug|x86
		{DB88554E-19C6-4C6D-8CE6-1FBB69E7FE58}.Debug Windows|Mixed Platforms.Deploy.0 = Debug|x86
		{DB88554E-19C6-4C6D-8CE6-1FBB69E7FE58}.Debug Windows|x64.ActiveCfg = Debug|x64
		{DB88554E-19C6-4C6D-8CE6-1FBB69E7FE58}.Debug Windows|x64.Build.0 = Debug|x64
		{DB88554E-19C6-4C6D-8CE6-1FBB69E7FE58}.Debug Windows|x64.Deploy.0 = Debug|x64
		{DB88554E-19C6-4C6D-8CE6-1FBB69E7FE58}.Debug Windows|x86.ActiveCfg = Debug|x86
		{DB88554E-19C6-4C6D-8CE6-1FBB69E7FE58}.Debug Windows|x86.Build.0 = Debug|x86
		{DB88554E-19C6-4C6D-8CE6-1FBB69E7FE58}.Debug Windows|x86.Deploy.0 = Debug|x86
		{DB88554E-19C6-4C6D-8CE6-1FBB69E7FE58}.Debug WP8|Any CPU.ActiveCfg = Debug|Any CPU
		{DB88554E-19C6-4C6D-8CE6-1FBB69E7FE58}.Debug WP8|Any CPU.Build.0 = Debug|Any CPU
		{DB88554E-19C6-4C6D-8CE6-1FBB69E7FE58}.Debug WP8|Any CPU.Deploy.0 = Debug|Any CPU
		{DB88554E-19C6-4C6D-8CE6-1FBB69E7FE58}.Debug WP8|ARM.ActiveCfg = Debug|ARM
		{DB88554E-19C6-4C6D-8CE6-1FBB69E7FE58}.Debug WP8|ARM.Build.0 = Debug|ARM
		{DB88554E-19C6-4C6D-8CE6-1FBB69E7FE58}.Debug WP8|ARM.Deploy.0 = Debug|ARM
		{DB88554E-19C6-4C6D-8CE6-1FBB69E7FE58}.Debug WP8|Mixed Platforms.ActiveCfg = Debug|x86
		{DB88554E-19C6-4C6D-8CE6-1FBB69E7FE58}.Debug WP8|Mixed Platforms.Build.0 = Debug|x86
		{DB88554E-19C6-4C6D-8CE6-1FBB69E7FE58}.Debug WP8|Mixed Platforms.Deploy.0 = Debug|x86
		{DB88554E-19C6-4C6D-8CE6-1FBB69E7FE58}.Debug WP8|x64.ActiveCfg = Debug|x64
		{DB88554E-19C6-4C6D-8CE6-1FBB69E7FE58}.Debug WP8|x64.Build.0 = Debug|x64
		{DB88554E-19C6-4C6D-8CE6-1FBB69E7FE58}.Debug WP8|x64.Deploy.0 = Debug|x64
		{DB88554E-19C6-4C6D-8CE6-1FBB69E7FE58}.Debug WP8|x86.ActiveCfg = Debug|x86
		{DB88554E-19C6-4C6D-8CE6-1FBB69E7FE58}.Debug WP8|x86.Build.0 = Debug|x86
		{DB88554E-19C6-4C6D-8CE6-1FBB69E7FE58}.Debug WP8|x86.Deploy.0 = Debug|x86
		{DB88554E-19C6-4C6D-8CE6-1FBB69E7FE58}.Debug|Any CPU.ActiveCfg = Debug|Any CPU
		{DB88554E-19C6-4C6D-8CE6-1FBB69E7FE58}.Debug|Any CPU.Build.0 = Debug|Any CPU
		{DB88554E-19C6-4C6D-8CE6-1FBB69E7FE58}.Debug|Any CPU.Deploy.0 = Debug|Any CPU
		{DB88554E-19C6-4C6D-8CE6-1FBB69E7FE58}.Debug|ARM.ActiveCfg = Debug|ARM
		{DB88554E-19C6-4C6D-8CE6-1FBB69E7FE58}.Debug|ARM.Build.0 = Debug|ARM
		{DB88554E-19C6-4C6D-8CE6-1FBB69E7FE58}.Debug|ARM.Deploy.0 = Debug|ARM
		{DB88554E-19C6-4C6D-8CE6-1FBB69E7FE58}.Debug|Mixed Platforms.ActiveCfg = Debug|x86
		{DB88554E-19C6-4C6D-8CE6-1FBB69E7FE58}.Debug|Mixed Platforms.Build.0 = Debug|x86
		{DB88554E-19C6-4C6D-8CE6-1FBB69E7FE58}.Debug|Mixed Platforms.Deploy.0 = Debug|x86
		{DB88554E-19C6-4C6D-8CE6-1FBB69E7FE58}.Debug|x64.ActiveCfg = Debug|x64
		{DB88554E-19C6-4C6D-8CE6-1FBB69E7FE58}.Debug|x64.Build.0 = Debug|x64
		{DB88554E-19C6-4C6D-8CE6-1FBB69E7FE58}.Debug|x64.Deploy.0 = Debug|x64
		{DB88554E-19C6-4C6D-8CE6-1FBB69E7FE58}.Debug|x86.ActiveCfg = Debug|x86
		{DB88554E-19C6-4C6D-8CE6-1FBB69E7FE58}.Debug|x86.Build.0 = Debug|x86
		{DB88554E-19C6-4C6D-8CE6-1FBB69E7FE58}.Debug|x86.Deploy.0 = Debug|x86
		{DB88554E-19C6-4C6D-8CE6-1FBB69E7FE58}.Release WP8|Any CPU.ActiveCfg = Release|Any CPU
		{DB88554E-19C6-4C6D-8CE6-1FBB69E7FE58}.Release WP8|Any CPU.Build.0 = Release|Any CPU
		{DB88554E-19C6-4C6D-8CE6-1FBB69E7FE58}.Release WP8|Any CPU.Deploy.0 = Release|Any CPU
		{DB88554E-19C6-4C6D-8CE6-1FBB69E7FE58}.Release WP8|ARM.ActiveCfg = Release|ARM
		{DB88554E-19C6-4C6D-8CE6-1FBB69E7FE58}.Release WP8|ARM.Build.0 = Release|ARM
		{DB88554E-19C6-4C6D-8CE6-1FBB69E7FE58}.Release WP8|ARM.Deploy.0 = Release|ARM
		{DB88554E-19C6-4C6D-8CE6-1FBB69E7FE58}.Release WP8|Mixed Platforms.ActiveCfg = Release|x86
		{DB88554E-19C6-4C6D-8CE6-1FBB69E7FE58}.Release WP8|Mixed Platforms.Build.0 = Release|x86
		{DB88554E-19C6-4C6D-8CE6-1FBB69E7FE58}.Release WP8|Mixed Platforms.Deploy.0 = Release|x86
		{DB88554E-19C6-4C6D-8CE6-1FBB69E7FE58}.Release WP8|x64.ActiveCfg = Release|x64
		{DB88554E-19C6-4C6D-8CE6-1FBB69E7FE58}.Release WP8|x64.Build.0 = Release|x64
		{DB88554E-19C6-4C6D-8CE6-1FBB69E7FE58}.Release WP8|x64.Deploy.0 = Release|x64
		{DB88554E-19C6-4C6D-8CE6-1FBB69E7FE58}.Release WP8|x86.ActiveCfg = Release|x86
		{DB88554E-19C6-4C6D-8CE6-1FBB69E7FE58}.Release WP8|x86.Build.0 = Release|x86
		{DB88554E-19C6-4C6D-8CE6-1FBB69E7FE58}.Release WP8|x86.Deploy.0 = Release|x86
		{DB88554E-19C6-4C6D-8CE6-1FBB69E7FE58}.Release|Any CPU.ActiveCfg = Release|Any CPU
		{DB88554E-19C6-4C6D-8CE6-1FBB69E7FE58}.Release|Any CPU.Build.0 = Release|Any CPU
		{DB88554E-19C6-4C6D-8CE6-1FBB69E7FE58}.Release|Any CPU.Deploy.0 = Release|Any CPU
		{DB88554E-19C6-4C6D-8CE6-1FBB69E7FE58}.Release|ARM.ActiveCfg = Release|ARM
		{DB88554E-19C6-4C6D-8CE6-1FBB69E7FE58}.Release|ARM.Build.0 = Release|ARM
		{DB88554E-19C6-4C6D-8CE6-1FBB69E7FE58}.Release|ARM.Deploy.0 = Release|ARM
		{DB88554E-19C6-4C6D-8CE6-1FBB69E7FE58}.Release|Mixed Platforms.ActiveCfg = Release|x86
		{DB88554E-19C6-4C6D-8CE6-1FBB69E7FE58}.Release|Mixed Platforms.Build.0 = Release|x86
		{DB88554E-19C6-4C6D-8CE6-1FBB69E7FE58}.Release|Mixed Platforms.Deploy.0 = Release|x86
		{DB88554E-19C6-4C6D-8CE6-1FBB69E7FE58}.Release|x64.ActiveCfg = Release|x64
		{DB88554E-19C6-4C6D-8CE6-1FBB69E7FE58}.Release|x64.Build.0 = Release|x64
		{DB88554E-19C6-4C6D-8CE6-1FBB69E7FE58}.Release|x64.Deploy.0 = Release|x64
		{DB88554E-19C6-4C6D-8CE6-1FBB69E7FE58}.Release|x86.ActiveCfg = Release|x86
		{DB88554E-19C6-4C6D-8CE6-1FBB69E7FE58}.Release|x86.Build.0 = Release|x86
		{DB88554E-19C6-4C6D-8CE6-1FBB69E7FE58}.Release|x86.Deploy.0 = Release|x86
	EndGlobalSection
	GlobalSection(SolutionProperties) = preSolution
		HideSolutionNode = FALSE
	EndGlobalSection
EndGlobal
